
Microsoft Visual Studio Solution File, Format Version 12.00
# Visual Studio Version 17
VisualStudioVersion = 17.9.34518.117
MinimumVisualStudioVersion = 10.0.40219.1
Project("{2150E333-8FDC-42A3-9474-1A3956D46DE8}") = "Core", "Core", "{7A0032BA-5511-425B-ACA3-1CBD427B6ECC}"
EndProject
Project("{2150E333-8FDC-42A3-9474-1A3956D46DE8}") = "Presentation", "Presentation", "{AC9AD9AA-9ECF-490E-B990-370A690CE86C}"
EndProject
Project("{2150E333-8FDC-42A3-9474-1A3956D46DE8}") = "Infrastructure", "Infrastructure", "{2BDF51A7-9921-4E69-8632-9B07B6FD7B31}"
EndProject
Project("{FAE04EC0-301F-11D3-BF4B-00C04F79EFBC}") = "FonTech.Api", "FonTech.Api\FonTech.Api.csproj", "{67871946-75A8-4923-B62C-4E3D3859F9E4}"
EndProject
Project("{FAE04EC0-301F-11D3-BF4B-00C04F79EFBC}") = "FonTech.Domain", "FonTech.Domain\FonTech.Domain.csproj", "{7578C220-67DB-491B-9EAA-A002A6DFBC29}"
EndProject
Global
	GlobalSection(SolutionConfigurationPlatforms) = preSolution
		Debug|Any CPU = Debug|Any CPU
		Release|Any CPU = Release|Any CPU
	EndGlobalSection
	GlobalSection(ProjectConfigurationPlatforms) = postSolution
		{67871946-75A8-4923-B62C-4E3D3859F9E4}.Debug|Any CPU.ActiveCfg = Debug|Any CPU
		{67871946-75A8-4923-B62C-4E3D3859F9E4}.Debug|Any CPU.Build.0 = Debug|Any CPU
		{67871946-75A8-4923-B62C-4E3D3859F9E4}.Release|Any CPU.ActiveCfg = Release|Any CPU
		{67871946-75A8-4923-B62C-4E3D3859F9E4}.Release|Any CPU.Build.0 = Release|Any CPU
		{7578C220-67DB-491B-9EAA-A002A6DFBC29}.Debug|Any CPU.ActiveCfg = Debug|Any CPU
		{7578C220-67DB-491B-9EAA-A002A6DFBC29}.Debug|Any CPU.Build.0 = Debug|Any CPU
		{7578C220-67DB-491B-9EAA-A002A6DFBC29}.Release|Any CPU.ActiveCfg = Release|Any CPU
		{7578C220-67DB-491B-9EAA-A002A6DFBC29}.Release|Any CPU.Build.0 = Release|Any CPU
	EndGlobalSection
	GlobalSection(SolutionProperties) = preSolution
		HideSolutionNode = FALSE
	EndGlobalSection
	GlobalSection(NestedProjects) = preSolution
		{67871946-75A8-4923-B62C-4E3D3859F9E4} = {AC9AD9AA-9ECF-490E-B990-370A690CE86C}
		{7578C220-67DB-491B-9EAA-A002A6DFBC29} = {7A0032BA-5511-425B-ACA3-1CBD427B6ECC}
	EndGlobalSection
	GlobalSection(ExtensibilityGlobals) = postSolution
		SolutionGuid = {2B7D3C42-9B9D-45C1-B6BE-293706E886AA}
	EndGlobalSection
EndGlobal
